
Microsoft Visual Studio Solution File, Format Version 12.00
# Visual Studio 14
VisualStudioVersion = 14.0.25420.1
MinimumVisualStudioVersion = 10.0.40219.1
Project("{FAE04EC0-301F-11D3-BF4B-00C04F79EFBC}") = "KPAKPIAnalyzer", "KPA_KPI Analyzer\KPAKPIAnalyzer.csproj", "{7E6D695C-BC2A-4A07-B78F-35E750342A48}"
EndProject
Project("{FAE04EC0-301F-11D3-BF4B-00C04F79EFBC}") = "DataImporter", "DataImporter\DataImporter.csproj", "{BE102B8A-42D8-48D2-A37E-B1D83AD9FF12}"
EndProject
Project("{FAE04EC0-301F-11D3-BF4B-00C04F79EFBC}") = "DataExporter", "DataExporter\DataExporter.csproj", "{E3601D73-731A-46EE-8AF0-B314580534A7}"
EndProject
Project("{FAE04EC0-301F-11D3-BF4B-00C04F79EFBC}") = "AccessDatabaseLibrary", "DataAccessLibrary\AccessDatabaseLibrary.csproj", "{3BF2C771-F9E8-4596-B969-03A8CD251E57}"
EndProject
Project("{FAE04EC0-301F-11D3-BF4B-00C04F79EFBC}") = "ExcelLibrary", "ExcelLibrary\ExcelLibrary.csproj", "{834C157D-F4EB-452D-A938-62AA7332489C}"
EndProject
Project("{FAE04EC0-301F-11D3-BF4B-00C04F79EFBC}") = "Reporting", "Reporting\Reporting.csproj", "{335549F2-F524-4897-9BC4-9D92BB87BB3D}"
EndProject
Global
	GlobalSection(SolutionConfigurationPlatforms) = preSolution
		Debug|Any CPU = Debug|Any CPU
		Release|Any CPU = Release|Any CPU
	EndGlobalSection
	GlobalSection(ProjectConfigurationPlatforms) = postSolution
		{7E6D695C-BC2A-4A07-B78F-35E750342A48}.Debug|Any CPU.ActiveCfg = Debug|Any CPU
		{7E6D695C-BC2A-4A07-B78F-35E750342A48}.Debug|Any CPU.Build.0 = Debug|Any CPU
		{7E6D695C-BC2A-4A07-B78F-35E750342A48}.Release|Any CPU.ActiveCfg = Release|Any CPU
		{7E6D695C-BC2A-4A07-B78F-35E750342A48}.Release|Any CPU.Build.0 = Release|Any CPU
		{BE102B8A-42D8-48D2-A37E-B1D83AD9FF12}.Debug|Any CPU.ActiveCfg = Debug|Any CPU
		{BE102B8A-42D8-48D2-A37E-B1D83AD9FF12}.Debug|Any CPU.Build.0 = Debug|Any CPU
		{BE102B8A-42D8-48D2-A37E-B1D83AD9FF12}.Release|Any CPU.ActiveCfg = Release|Any CPU
		{BE102B8A-42D8-48D2-A37E-B1D83AD9FF12}.Release|Any CPU.Build.0 = Release|Any CPU
		{E3601D73-731A-46EE-8AF0-B314580534A7}.Debug|Any CPU.ActiveCfg = Debug|Any CPU
		{E3601D73-731A-46EE-8AF0-B314580534A7}.Debug|Any CPU.Build.0 = Debug|Any CPU
		{E3601D73-731A-46EE-8AF0-B314580534A7}.Release|Any CPU.ActiveCfg = Release|Any CPU
		{E3601D73-731A-46EE-8AF0-B314580534A7}.Release|Any CPU.Build.0 = Release|Any CPU
		{3BF2C771-F9E8-4596-B969-03A8CD251E57}.Debug|Any CPU.ActiveCfg = Debug|Any CPU
		{3BF2C771-F9E8-4596-B969-03A8CD251E57}.Debug|Any CPU.Build.0 = Debug|Any CPU
		{3BF2C771-F9E8-4596-B969-03A8CD251E57}.Release|Any CPU.ActiveCfg = Release|Any CPU
		{3BF2C771-F9E8-4596-B969-03A8CD251E57}.Release|Any CPU.Build.0 = Release|Any CPU
		{834C157D-F4EB-452D-A938-62AA7332489C}.Debug|Any CPU.ActiveCfg = Debug|Any CPU
		{834C157D-F4EB-452D-A938-62AA7332489C}.Debug|Any CPU.Build.0 = Debug|Any CPU
		{834C157D-F4EB-452D-A938-62AA7332489C}.Release|Any CPU.ActiveCfg = Release|Any CPU
		{834C157D-F4EB-452D-A938-62AA7332489C}.Release|Any CPU.Build.0 = Release|Any CPU
		{335549F2-F524-4897-9BC4-9D92BB87BB3D}.Debug|Any CPU.ActiveCfg = Debug|Any CPU
		{335549F2-F524-4897-9BC4-9D92BB87BB3D}.Debug|Any CPU.Build.0 = Debug|Any CPU
		{335549F2-F524-4897-9BC4-9D92BB87BB3D}.Release|Any CPU.ActiveCfg = Release|Any CPU
		{335549F2-F524-4897-9BC4-9D92BB87BB3D}.Release|Any CPU.Build.0 = Release|Any CPU
	EndGlobalSection
	GlobalSection(SolutionProperties) = preSolution
		HideSolutionNode = FALSE
	EndGlobalSection
EndGlobal
